
Microsoft Visual Studio Solution File, Format Version 12.00
# Visual Studio Version 16
VisualStudioVersion = 16.0.29306.81
MinimumVisualStudioVersion = 10.0.40219.1
Project("{FAE04EC0-301F-11D3-BF4B-00C04F79EFBC}") = "Antad.Android", "Antad\Antad.Android\Antad.Android.csproj", "{9B6F01FE-DFBE-4F9B-98F8-66C4F32082F9}"
EndProject
Project("{FAE04EC0-301F-11D3-BF4B-00C04F79EFBC}") = "Antad.iOS", "Antad\Antad.iOS\Antad.iOS.csproj", "{A327DDAB-6B79-426F-B20D-7D94E85DD352}"
EndProject
Project("{9A19103F-16F7-4668-BE54-9A1E7A4F7556}") = "Antad", "Antad\Antad\Antad.csproj", "{AD72DAC5-5769-497C-B1BA-97B186808163}"
EndProject
Project("{FAE04EC0-301F-11D3-BF4B-00C04F79EFBC}") = "AntadBiblioteca", "AntadBiblioteca\AntadBiblioteca.csproj", "{2FDB3678-A70E-4CD3-97CE-06CBE74F6790}"
EndProject
Project("{FAE04EC0-301F-11D3-BF4B-00C04F79EFBC}") = "AntadComun", "AntadComun\AntadComun.csproj", "{2CBE5AC4-15C5-4864-B392-42CDA9559F7F}"
EndProject
Project("{FAE04EC0-301F-11D3-BF4B-00C04F79EFBC}") = "AntadApi", "AntadApi\AntadApi.csproj", "{38E5CDD9-51DF-4CD8-8566-3A6FFA6B3AC1}"
EndProject
Project("{FAE04EC0-301F-11D3-BF4B-00C04F79EFBC}") = "AntadApp.Android", "AntadApp\AntadApp.Android\AntadApp.Android.csproj", "{71FF8C69-E2F3-4493-A940-A26525337B98}"
EndProject
Project("{FAE04EC0-301F-11D3-BF4B-00C04F79EFBC}") = "AntadApp.iOS", "AntadApp\AntadApp.iOS\AntadApp.iOS.csproj", "{1D0B6A19-B5E5-4F33-BDF1-1B65E8FA765B}"
EndProject
Project("{9A19103F-16F7-4668-BE54-9A1E7A4F7556}") = "AntadApp", "AntadApp\AntadApp\AntadApp.csproj", "{DDBB9E81-0FDE-4418-9FE3-81E73014121B}"
EndProject
Project("{FAE04EC0-301F-11D3-BF4B-00C04F79EFBC}") = "Appp.Android", "Appp\Appp.Android\Appp.Android.csproj", "{2ECB5E3E-A68C-4C48-A458-87821BCC2BAA}"
EndProject
Project("{FAE04EC0-301F-11D3-BF4B-00C04F79EFBC}") = "Appp.iOS", "Appp\Appp.iOS\Appp.iOS.csproj", "{1B8BC831-6F15-4A09-871B-9DF5982F425B}"
EndProject
Project("{FAE04EC0-301F-11D3-BF4B-00C04F79EFBC}") = "Appp", "Appp\Appp\Appp.csproj", "{0268B7E7-F0B2-4524-9C5B-BA267F878164}"
EndProject
Global
	GlobalSection(SolutionConfigurationPlatforms) = preSolution
		Debug|Any CPU = Debug|Any CPU
		Debug|iPhone = Debug|iPhone
		Debug|iPhoneSimulator = Debug|iPhoneSimulator
		Release|Any CPU = Release|Any CPU
		Release|iPhone = Release|iPhone
		Release|iPhoneSimulator = Release|iPhoneSimulator
	EndGlobalSection
	GlobalSection(ProjectConfigurationPlatforms) = postSolution
		{9B6F01FE-DFBE-4F9B-98F8-66C4F32082F9}.Debug|Any CPU.ActiveCfg = Debug|Any CPU
		{9B6F01FE-DFBE-4F9B-98F8-66C4F32082F9}.Debug|Any CPU.Build.0 = Debug|Any CPU
		{9B6F01FE-DFBE-4F9B-98F8-66C4F32082F9}.Debug|Any CPU.Deploy.0 = Debug|Any CPU
		{9B6F01FE-DFBE-4F9B-98F8-66C4F32082F9}.Debug|iPhone.ActiveCfg = Debug|Any CPU
		{9B6F01FE-DFBE-4F9B-98F8-66C4F32082F9}.Debug|iPhone.Build.0 = Debug|Any CPU
		{9B6F01FE-DFBE-4F9B-98F8-66C4F32082F9}.Debug|iPhone.Deploy.0 = Debug|Any CPU
		{9B6F01FE-DFBE-4F9B-98F8-66C4F32082F9}.Debug|iPhoneSimulator.ActiveCfg = Debug|Any CPU
		{9B6F01FE-DFBE-4F9B-98F8-66C4F32082F9}.Debug|iPhoneSimulator.Build.0 = Debug|Any CPU
		{9B6F01FE-DFBE-4F9B-98F8-66C4F32082F9}.Debug|iPhoneSimulator.Deploy.0 = Debug|Any CPU
		{9B6F01FE-DFBE-4F9B-98F8-66C4F32082F9}.Release|Any CPU.ActiveCfg = Release|Any CPU
		{9B6F01FE-DFBE-4F9B-98F8-66C4F32082F9}.Release|Any CPU.Build.0 = Release|Any CPU
		{9B6F01FE-DFBE-4F9B-98F8-66C4F32082F9}.Release|Any CPU.Deploy.0 = Release|Any CPU
		{9B6F01FE-DFBE-4F9B-98F8-66C4F32082F9}.Release|iPhone.ActiveCfg = Release|Any CPU
		{9B6F01FE-DFBE-4F9B-98F8-66C4F32082F9}.Release|iPhone.Build.0 = Release|Any CPU
		{9B6F01FE-DFBE-4F9B-98F8-66C4F32082F9}.Release|iPhone.Deploy.0 = Release|Any CPU
		{9B6F01FE-DFBE-4F9B-98F8-66C4F32082F9}.Release|iPhoneSimulator.ActiveCfg = Release|Any CPU
		{9B6F01FE-DFBE-4F9B-98F8-66C4F32082F9}.Release|iPhoneSimulator.Build.0 = Release|Any CPU
		{9B6F01FE-DFBE-4F9B-98F8-66C4F32082F9}.Release|iPhoneSimulator.Deploy.0 = Release|Any CPU
		{A327DDAB-6B79-426F-B20D-7D94E85DD352}.Debug|Any CPU.ActiveCfg = Debug|iPhoneSimulator
		{A327DDAB-6B79-426F-B20D-7D94E85DD352}.Debug|Any CPU.Build.0 = Debug|iPhoneSimulator
		{A327DDAB-6B79-426F-B20D-7D94E85DD352}.Debug|Any CPU.Deploy.0 = Debug|iPhoneSimulator
		{A327DDAB-6B79-426F-B20D-7D94E85DD352}.Debug|iPhone.ActiveCfg = Debug|iPhone
		{A327DDAB-6B79-426F-B20D-7D94E85DD352}.Debug|iPhone.Build.0 = Debug|iPhone
		{A327DDAB-6B79-426F-B20D-7D94E85DD352}.Debug|iPhone.Deploy.0 = Debug|iPhone
		{A327DDAB-6B79-426F-B20D-7D94E85DD352}.Debug|iPhoneSimulator.ActiveCfg = Debug|iPhoneSimulator
		{A327DDAB-6B79-426F-B20D-7D94E85DD352}.Debug|iPhoneSimulator.Build.0 = Debug|iPhoneSimulator
		{A327DDAB-6B79-426F-B20D-7D94E85DD352}.Debug|iPhoneSimulator.Deploy.0 = Debug|iPhoneSimulator
		{A327DDAB-6B79-426F-B20D-7D94E85DD352}.Release|Any CPU.ActiveCfg = Release|iPhone
		{A327DDAB-6B79-426F-B20D-7D94E85DD352}.Release|Any CPU.Build.0 = Release|iPhone
		{A327DDAB-6B79-426F-B20D-7D94E85DD352}.Release|Any CPU.Deploy.0 = Release|iPhone
		{A327DDAB-6B79-426F-B20D-7D94E85DD352}.Release|iPhone.ActiveCfg = Release|iPhone
		{A327DDAB-6B79-426F-B20D-7D94E85DD352}.Release|iPhone.Build.0 = Release|iPhone
		{A327DDAB-6B79-426F-B20D-7D94E85DD352}.Release|iPhone.Deploy.0 = Release|iPhone
		{A327DDAB-6B79-426F-B20D-7D94E85DD352}.Release|iPhoneSimulator.ActiveCfg = Release|iPhoneSimulator
		{A327DDAB-6B79-426F-B20D-7D94E85DD352}.Release|iPhoneSimulator.Build.0 = Release|iPhoneSimulator
		{A327DDAB-6B79-426F-B20D-7D94E85DD352}.Release|iPhoneSimulator.Deploy.0 = Release|iPhoneSimulator
		{AD72DAC5-5769-497C-B1BA-97B186808163}.Debug|Any CPU.ActiveCfg = Debug|Any CPU
		{AD72DAC5-5769-497C-B1BA-97B186808163}.Debug|Any CPU.Build.0 = Debug|Any CPU
		{AD72DAC5-5769-497C-B1BA-97B186808163}.Debug|Any CPU.Deploy.0 = Debug|Any CPU
		{AD72DAC5-5769-497C-B1BA-97B186808163}.Debug|iPhone.ActiveCfg = Debug|Any CPU
		{AD72DAC5-5769-497C-B1BA-97B186808163}.Debug|iPhone.Build.0 = Debug|Any CPU
		{AD72DAC5-5769-497C-B1BA-97B186808163}.Debug|iPhone.Deploy.0 = Debug|Any CPU
		{AD72DAC5-5769-497C-B1BA-97B186808163}.Debug|iPhoneSimulator.ActiveCfg = Debug|Any CPU
		{AD72DAC5-5769-497C-B1BA-97B186808163}.Debug|iPhoneSimulator.Build.0 = Debug|Any CPU
		{AD72DAC5-5769-497C-B1BA-97B186808163}.Debug|iPhoneSimulator.Deploy.0 = Debug|Any CPU
		{AD72DAC5-5769-497C-B1BA-97B186808163}.Release|Any CPU.ActiveCfg = Release|Any CPU
		{AD72DAC5-5769-497C-B1BA-97B186808163}.Release|Any CPU.Build.0 = Release|Any CPU
		{AD72DAC5-5769-497C-B1BA-97B186808163}.Release|Any CPU.Deploy.0 = Release|Any CPU
		{AD72DAC5-5769-497C-B1BA-97B186808163}.Release|iPhone.ActiveCfg = Release|Any CPU
		{AD72DAC5-5769-497C-B1BA-97B186808163}.Release|iPhone.Build.0 = Release|Any CPU
		{AD72DAC5-5769-497C-B1BA-97B186808163}.Release|iPhone.Deploy.0 = Release|Any CPU
		{AD72DAC5-5769-497C-B1BA-97B186808163}.Release|iPhoneSimulator.ActiveCfg = Release|Any CPU
		{AD72DAC5-5769-497C-B1BA-97B186808163}.Release|iPhoneSimulator.Build.0 = Release|Any CPU
		{AD72DAC5-5769-497C-B1BA-97B186808163}.Release|iPhoneSimulator.Deploy.0 = Release|Any CPU
		{2FDB3678-A70E-4CD3-97CE-06CBE74F6790}.Debug|Any CPU.ActiveCfg = Debug|Any CPU
		{2FDB3678-A70E-4CD3-97CE-06CBE74F6790}.Debug|Any CPU.Build.0 = Debug|Any CPU
		{2FDB3678-A70E-4CD3-97CE-06CBE74F6790}.Debug|iPhone.ActiveCfg = Debug|Any CPU
		{2FDB3678-A70E-4CD3-97CE-06CBE74F6790}.Debug|iPhone.Build.0 = Debug|Any CPU
		{2FDB3678-A70E-4CD3-97CE-06CBE74F6790}.Debug|iPhoneSimulator.ActiveCfg = Debug|Any CPU
		{2FDB3678-A70E-4CD3-97CE-06CBE74F6790}.Debug|iPhoneSimulator.Build.0 = Debug|Any CPU
		{2FDB3678-A70E-4CD3-97CE-06CBE74F6790}.Release|Any CPU.ActiveCfg = Release|Any CPU
		{2FDB3678-A70E-4CD3-97CE-06CBE74F6790}.Release|Any CPU.Build.0 = Release|Any CPU
		{2FDB3678-A70E-4CD3-97CE-06CBE74F6790}.Release|iPhone.ActiveCfg = Release|Any CPU
		{2FDB3678-A70E-4CD3-97CE-06CBE74F6790}.Release|iPhone.Build.0 = Release|Any CPU
		{2FDB3678-A70E-4CD3-97CE-06CBE74F6790}.Release|iPhoneSimulator.ActiveCfg = Release|Any CPU
		{2FDB3678-A70E-4CD3-97CE-06CBE74F6790}.Release|iPhoneSimulator.Build.0 = Release|Any CPU
		{2CBE5AC4-15C5-4864-B392-42CDA9559F7F}.Debug|Any CPU.ActiveCfg = Debug|Any CPU
		{2CBE5AC4-15C5-4864-B392-42CDA9559F7F}.Debug|Any CPU.Build.0 = Debug|Any CPU
		{2CBE5AC4-15C5-4864-B392-42CDA9559F7F}.Debug|iPhone.ActiveCfg = Debug|Any CPU
		{2CBE5AC4-15C5-4864-B392-42CDA9559F7F}.Debug|iPhone.Build.0 = Debug|Any CPU
		{2CBE5AC4-15C5-4864-B392-42CDA9559F7F}.Debug|iPhoneSimulator.ActiveCfg = Debug|Any CPU
		{2CBE5AC4-15C5-4864-B392-42CDA9559F7F}.Debug|iPhoneSimulator.Build.0 = Debug|Any CPU
		{2CBE5AC4-15C5-4864-B392-42CDA9559F7F}.Release|Any CPU.ActiveCfg = Release|Any CPU
		{2CBE5AC4-15C5-4864-B392-42CDA9559F7F}.Release|Any CPU.Build.0 = Release|Any CPU
		{2CBE5AC4-15C5-4864-B392-42CDA9559F7F}.Release|iPhone.ActiveCfg = Release|Any CPU
		{2CBE5AC4-15C5-4864-B392-42CDA9559F7F}.Release|iPhone.Build.0 = Release|Any CPU
		{2CBE5AC4-15C5-4864-B392-42CDA9559F7F}.Release|iPhoneSimulator.ActiveCfg = Release|Any CPU
		{2CBE5AC4-15C5-4864-B392-42CDA9559F7F}.Release|iPhoneSimulator.Build.0 = Release|Any CPU
		{38E5CDD9-51DF-4CD8-8566-3A6FFA6B3AC1}.Debug|Any CPU.ActiveCfg = Debug|Any CPU
		{38E5CDD9-51DF-4CD8-8566-3A6FFA6B3AC1}.Debug|Any CPU.Build.0 = Debug|Any CPU
		{38E5CDD9-51DF-4CD8-8566-3A6FFA6B3AC1}.Debug|iPhone.ActiveCfg = Debug|Any CPU
		{38E5CDD9-51DF-4CD8-8566-3A6FFA6B3AC1}.Debug|iPhone.Build.0 = Debug|Any CPU
		{38E5CDD9-51DF-4CD8-8566-3A6FFA6B3AC1}.Debug|iPhoneSimulator.ActiveCfg = Debug|Any CPU
		{38E5CDD9-51DF-4CD8-8566-3A6FFA6B3AC1}.Debug|iPhoneSimulator.Build.0 = Debug|Any CPU
		{38E5CDD9-51DF-4CD8-8566-3A6FFA6B3AC1}.Release|Any CPU.ActiveCfg = Release|Any CPU
		{38E5CDD9-51DF-4CD8-8566-3A6FFA6B3AC1}.Release|Any CPU.Build.0 = Release|Any CPU
		{38E5CDD9-51DF-4CD8-8566-3A6FFA6B3AC1}.Release|iPhone.ActiveCfg = Release|Any CPU
		{38E5CDD9-51DF-4CD8-8566-3A6FFA6B3AC1}.Release|iPhone.Build.0 = Release|Any CPU
		{38E5CDD9-51DF-4CD8-8566-3A6FFA6B3AC1}.Release|iPhoneSimulator.ActiveCfg = Release|Any CPU
		{38E5CDD9-51DF-4CD8-8566-3A6FFA6B3AC1}.Release|iPhoneSimulator.Build.0 = Release|Any CPU
		{71FF8C69-E2F3-4493-A940-A26525337B98}.Debug|Any CPU.ActiveCfg = Debug|Any CPU
		{71FF8C69-E2F3-4493-A940-A26525337B98}.Debug|Any CPU.Build.0 = Debug|Any CPU
		{71FF8C69-E2F3-4493-A940-A26525337B98}.Debug|Any CPU.Deploy.0 = Debug|Any CPU
		{71FF8C69-E2F3-4493-A940-A26525337B98}.Debug|iPhone.ActiveCfg = Debug|Any CPU
		{71FF8C69-E2F3-4493-A940-A26525337B98}.Debug|iPhone.Build.0 = Debug|Any CPU
		{71FF8C69-E2F3-4493-A940-A26525337B98}.Debug|iPhone.Deploy.0 = Debug|Any CPU
		{71FF8C69-E2F3-4493-A940-A26525337B98}.Debug|iPhoneSimulator.ActiveCfg = Debug|Any CPU
		{71FF8C69-E2F3-4493-A940-A26525337B98}.Debug|iPhoneSimulator.Build.0 = Debug|Any CPU
		{71FF8C69-E2F3-4493-A940-A26525337B98}.Debug|iPhoneSimulator.Deploy.0 = Debug|Any CPU
		{71FF8C69-E2F3-4493-A940-A26525337B98}.Release|Any CPU.ActiveCfg = Release|Any CPU
		{71FF8C69-E2F3-4493-A940-A26525337B98}.Release|Any CPU.Build.0 = Release|Any CPU
		{71FF8C69-E2F3-4493-A940-A26525337B98}.Release|Any CPU.Deploy.0 = Release|Any CPU
		{71FF8C69-E2F3-4493-A940-A26525337B98}.Release|iPhone.ActiveCfg = Release|Any CPU
		{71FF8C69-E2F3-4493-A940-A26525337B98}.Release|iPhone.Build.0 = Release|Any CPU
		{71FF8C69-E2F3-4493-A940-A26525337B98}.Release|iPhone.Deploy.0 = Release|Any CPU
		{71FF8C69-E2F3-4493-A940-A26525337B98}.Release|iPhoneSimulator.ActiveCfg = Release|Any CPU
		{71FF8C69-E2F3-4493-A940-A26525337B98}.Release|iPhoneSimulator.Build.0 = Release|Any CPU
		{71FF8C69-E2F3-4493-A940-A26525337B98}.Release|iPhoneSimulator.Deploy.0 = Release|Any CPU
		{1D0B6A19-B5E5-4F33-BDF1-1B65E8FA765B}.Debug|Any CPU.ActiveCfg = Debug|iPhone
		{1D0B6A19-B5E5-4F33-BDF1-1B65E8FA765B}.Debug|iPhone.ActiveCfg = Debug|iPhone
		{1D0B6A19-B5E5-4F33-BDF1-1B65E8FA765B}.Debug|iPhone.Build.0 = Debug|iPhone
		{1D0B6A19-B5E5-4F33-BDF1-1B65E8FA765B}.Debug|iPhoneSimulator.ActiveCfg = Debug|iPhoneSimulator
		{1D0B6A19-B5E5-4F33-BDF1-1B65E8FA765B}.Debug|iPhoneSimulator.Build.0 = Debug|iPhoneSimulator
		{1D0B6A19-B5E5-4F33-BDF1-1B65E8FA765B}.Release|Any CPU.ActiveCfg = Release|iPhone
		{1D0B6A19-B5E5-4F33-BDF1-1B65E8FA765B}.Release|iPhone.ActiveCfg = Release|iPhone
		{1D0B6A19-B5E5-4F33-BDF1-1B65E8FA765B}.Release|iPhone.Build.0 = Release|iPhone
		{1D0B6A19-B5E5-4F33-BDF1-1B65E8FA765B}.Release|iPhoneSimulator.ActiveCfg = Release|iPhoneSimulator
		{1D0B6A19-B5E5-4F33-BDF1-1B65E8FA765B}.Release|iPhoneSimulator.Build.0 = Release|iPhoneSimulator
		{DDBB9E81-0FDE-4418-9FE3-81E73014121B}.Debug|Any CPU.ActiveCfg = Debug|Any CPU
		{DDBB9E81-0FDE-4418-9FE3-81E73014121B}.Debug|Any CPU.Build.0 = Debug|Any CPU
		{DDBB9E81-0FDE-4418-9FE3-81E73014121B}.Debug|iPhone.ActiveCfg = Debug|Any CPU
		{DDBB9E81-0FDE-4418-9FE3-81E73014121B}.Debug|iPhone.Build.0 = Debug|Any CPU
		{DDBB9E81-0FDE-4418-9FE3-81E73014121B}.Debug|iPhoneSimulator.ActiveCfg = Debug|Any CPU
		{DDBB9E81-0FDE-4418-9FE3-81E73014121B}.Debug|iPhoneSimulator.Build.0 = Debug|Any CPU
		{DDBB9E81-0FDE-4418-9FE3-81E73014121B}.Release|Any CPU.ActiveCfg = Release|Any CPU
		{DDBB9E81-0FDE-4418-9FE3-81E73014121B}.Release|Any CPU.Build.0 = Release|Any CPU
		{DDBB9E81-0FDE-4418-9FE3-81E73014121B}.Release|iPhone.ActiveCfg = Release|Any CPU
		{DDBB9E81-0FDE-4418-9FE3-81E73014121B}.Release|iPhone.Build.0 = Release|Any CPU
		{DDBB9E81-0FDE-4418-9FE3-81E73014121B}.Release|iPhoneSimulator.ActiveCfg = Release|Any CPU
		{DDBB9E81-0FDE-4418-9FE3-81E73014121B}.Release|iPhoneSimulator.Build.0 = Release|Any CPU
		{2ECB5E3E-A68C-4C48-A458-87821BCC2BAA}.Debug|Any CPU.ActiveCfg = Debug|Any CPU
		{2ECB5E3E-A68C-4C48-A458-87821BCC2BAA}.Debug|Any CPU.Build.0 = Debug|Any CPU
		{2ECB5E3E-A68C-4C48-A458-87821BCC2BAA}.Debug|Any CPU.Deploy.0 = Debug|Any CPU
		{2ECB5E3E-A68C-4C48-A458-87821BCC2BAA}.Debug|iPhone.ActiveCfg = Debug|Any CPU
		{2ECB5E3E-A68C-4C48-A458-87821BCC2BAA}.Debug|iPhone.Build.0 = Debug|Any CPU
		{2ECB5E3E-A68C-4C48-A458-87821BCC2BAA}.Debug|iPhone.Deploy.0 = Debug|Any CPU
		{2ECB5E3E-A68C-4C48-A458-87821BCC2BAA}.Debug|iPhoneSimulator.ActiveCfg = Debug|Any CPU
		{2ECB5E3E-A68C-4C48-A458-87821BCC2BAA}.Debug|iPhoneSimulator.Build.0 = Debug|Any CPU
		{2ECB5E3E-A68C-4C48-A458-87821BCC2BAA}.Debug|iPhoneSimulator.Deploy.0 = Debug|Any CPU
		{2ECB5E3E-A68C-4C48-A458-87821BCC2BAA}.Release|Any CPU.ActiveCfg = Release|Any CPU
		{2ECB5E3E-A68C-4C48-A458-87821BCC2BAA}.Release|Any CPU.Build.0 = Release|Any CPU
		{2ECB5E3E-A68C-4C48-A458-87821BCC2BAA}.Release|Any CPU.Deploy.0 = Release|Any CPU
		{2ECB5E3E-A68C-4C48-A458-87821BCC2BAA}.Release|iPhone.ActiveCfg = Release|Any CPU
		{2ECB5E3E-A68C-4C48-A458-87821BCC2BAA}.Release|iPhone.Build.0 = Release|Any CPU
		{2ECB5E3E-A68C-4C48-A458-87821BCC2BAA}.Release|iPhone.Deploy.0 = Release|Any CPU
		{2ECB5E3E-A68C-4C48-A458-87821BCC2BAA}.Release|iPhoneSimulator.ActiveCfg = Release|Any CPU
		{2ECB5E3E-A68C-4C48-A458-87821BCC2BAA}.Release|iPhoneSimulator.Build.0 = Release|Any CPU
		{2ECB5E3E-A68C-4C48-A458-87821BCC2BAA}.Release|iPhoneSimulator.Deploy.0 = Release|Any CPU
		{1B8BC831-6F15-4A09-871B-9DF5982F425B}.Debug|Any CPU.ActiveCfg = Debug|iPhone
		{1B8BC831-6F15-4A09-871B-9DF5982F425B}.Debug|iPhone.ActiveCfg = Debug|iPhone
		{1B8BC831-6F15-4A09-871B-9DF5982F425B}.Debug|iPhone.Build.0 = Debug|iPhone
		{1B8BC831-6F15-4A09-871B-9DF5982F425B}.Debug|iPhoneSimulator.ActiveCfg = Debug|iPhoneSimulator
		{1B8BC831-6F15-4A09-871B-9DF5982F425B}.Debug|iPhoneSimulator.Build.0 = Debug|iPhoneSimulator
		{1B8BC831-6F15-4A09-871B-9DF5982F425B}.Release|Any CPU.ActiveCfg = Release|iPhone
		{1B8BC831-6F15-4A09-871B-9DF5982F425B}.Release|iPhone.ActiveCfg = Release|iPhone
		{1B8BC831-6F15-4A09-871B-9DF5982F425B}.Release|iPhone.Build.0 = Release|iPhone
		{1B8BC831-6F15-4A09-871B-9DF5982F425B}.Release|iPhoneSimulator.ActiveCfg = Release|iPhoneSimulator
		{1B8BC831-6F15-4A09-871B-9DF5982F425B}.Release|iPhoneSimulator.Build.0 = Release|iPhoneSimulator
		{0268B7E7-F0B2-4524-9C5B-BA267F878164}.Debug|Any CPU.ActiveCfg = Debug|Any CPU
		{0268B7E7-F0B2-4524-9C5B-BA267F878164}.Debug|Any CPU.Build.0 = Debug|Any CPU
		{0268B7E7-F0B2-4524-9C5B-BA267F878164}.Debug|iPhone.ActiveCfg = Debug|Any CPU
		{0268B7E7-F0B2-4524-9C5B-BA267F878164}.Debug|iPhone.Build.0 = Debug|Any CPU
		{0268B7E7-F0B2-4524-9C5B-BA267F878164}.Debug|iPhoneSimulator.ActiveCfg = Debug|Any CPU
		{0268B7E7-F0B2-4524-9C5B-BA267F878164}.Debug|iPhoneSimulator.Build.0 = Debug|Any CPU
		{0268B7E7-F0B2-4524-9C5B-BA267F878164}.Release|Any CPU.ActiveCfg = Release|Any CPU
		{0268B7E7-F0B2-4524-9C5B-BA267F878164}.Release|Any CPU.Build.0 = Release|Any CPU
		{0268B7E7-F0B2-4524-9C5B-BA267F878164}.Release|iPhone.ActiveCfg = Release|Any CPU
		{0268B7E7-F0B2-4524-9C5B-BA267F878164}.Release|iPhone.Build.0 = Release|Any CPU
		{0268B7E7-F0B2-4524-9C5B-BA267F878164}.Release|iPhoneSimulator.ActiveCfg = Release|Any CPU
		{0268B7E7-F0B2-4524-9C5B-BA267F878164}.Release|iPhoneSimulator.Build.0 = Release|Any CPU
	EndGlobalSection
	GlobalSection(SolutionProperties) = preSolution
		HideSolutionNode = FALSE
	EndGlobalSection
	GlobalSection(ExtensibilityGlobals) = postSolution
		SolutionGuid = {EC309242-465D-407C-A3FB-253DBDCD5D85}
	EndGlobalSection
EndGlobal
