
Microsoft Visual Studio Solution File, Format Version 12.00
# Visual Studio Version 16
VisualStudioVersion = 16.0.29306.81
MinimumVisualStudioVersion = 10.0.40219.1
Project("{FAE04EC0-301F-11D3-BF4B-00C04F79EFBC}") = "Antad.Android", "Antad\Antad.Android\Antad.Android.csproj", "{9B6F01FE-DFBE-4F9B-98F8-66C4F32082F9}"
EndProject
Project("{FAE04EC0-301F-11D3-BF4B-00C04F79EFBC}") = "Antad.iOS", "Antad\Antad.iOS\Antad.iOS.csproj", "{A327DDAB-6B79-426F-B20D-7D94E85DD352}"
EndProject
Project("{9A19103F-16F7-4668-BE54-9A1E7A4F7556}") = "Antad", "Antad\Antad\Antad.csproj", "{AD72DAC5-5769-497C-B1BA-97B186808163}"
EndProject
Project("{FAE04EC0-301F-11D3-BF4B-00C04F79EFBC}") = "AntadBiblioteca", "AntadBiblioteca\AntadBiblioteca.csproj", "{2FDB3678-A70E-4CD3-97CE-06CBE74F6790}"
EndProject
Project("{FAE04EC0-301F-11D3-BF4B-00C04F79EFBC}") = "AntadComun", "AntadComun\AntadComun.csproj", "{2CBE5AC4-15C5-4864-B392-42CDA9559F7F}"
EndProject
Project("{FAE04EC0-301F-11D3-BF4B-00C04F79EFBC}") = "AntadApi", "AntadApi\AntadApi.csproj", "{38E5CDD9-51DF-4CD8-8566-3A6FFA6B3AC1}"
EndProject
Project("{FAE04EC0-301F-11D3-BF4B-00C04F79EFBC}") = "AppAntad.Android", "AppAntad\AppAntad.Android\AppAntad.Android.csproj", "{104FD77B-89CC-4F35-9D04-46E3508C8E9A}"
EndProject
Project("{FAE04EC0-301F-11D3-BF4B-00C04F79EFBC}") = "AppAntad.iOS", "AppAntad\AppAntad.iOS\AppAntad.iOS.csproj", "{E76988F6-70DE-4382-B16F-AB1ECBD33E41}"
EndProject
Project("{FAE04EC0-301F-11D3-BF4B-00C04F79EFBC}") = "AppAntad", "AppAntad\AppAntad\AppAntad.csproj", "{CF661313-09E1-4D4C-A00D-63C13FC65A80}"
EndProject
Project("{FAE04EC0-301F-11D3-BF4B-00C04F79EFBC}") = "ModelsNet", "ModelsNet\ModelsNet.csproj", "{A638F0EF-9B20-4C3F-A30E-DA857F141C93}"
EndProject
Global
	GlobalSection(SolutionConfigurationPlatforms) = preSolution
		Debug|Any CPU = Debug|Any CPU
		Debug|iPhone = Debug|iPhone
		Debug|iPhoneSimulator = Debug|iPhoneSimulator
		Release|Any CPU = Release|Any CPU
		Release|iPhone = Release|iPhone
		Release|iPhoneSimulator = Release|iPhoneSimulator
	EndGlobalSection
	GlobalSection(ProjectConfigurationPlatforms) = postSolution
		{9B6F01FE-DFBE-4F9B-98F8-66C4F32082F9}.Debug|Any CPU.ActiveCfg = Debug|Any CPU
		{9B6F01FE-DFBE-4F9B-98F8-66C4F32082F9}.Debug|Any CPU.Build.0 = Debug|Any CPU
		{9B6F01FE-DFBE-4F9B-98F8-66C4F32082F9}.Debug|Any CPU.Deploy.0 = Debug|Any CPU
		{9B6F01FE-DFBE-4F9B-98F8-66C4F32082F9}.Debug|iPhone.ActiveCfg = Debug|Any CPU
		{9B6F01FE-DFBE-4F9B-98F8-66C4F32082F9}.Debug|iPhone.Build.0 = Debug|Any CPU
		{9B6F01FE-DFBE-4F9B-98F8-66C4F32082F9}.Debug|iPhone.Deploy.0 = Debug|Any CPU
		{9B6F01FE-DFBE-4F9B-98F8-66C4F32082F9}.Debug|iPhoneSimulator.ActiveCfg = Debug|Any CPU
		{9B6F01FE-DFBE-4F9B-98F8-66C4F32082F9}.Debug|iPhoneSimulator.Build.0 = Debug|Any CPU
		{9B6F01FE-DFBE-4F9B-98F8-66C4F32082F9}.Debug|iPhoneSimulator.Deploy.0 = Debug|Any CPU
		{9B6F01FE-DFBE-4F9B-98F8-66C4F32082F9}.Release|Any CPU.ActiveCfg = Release|Any CPU
		{9B6F01FE-DFBE-4F9B-98F8-66C4F32082F9}.Release|Any CPU.Build.0 = Release|Any CPU
		{9B6F01FE-DFBE-4F9B-98F8-66C4F32082F9}.Release|Any CPU.Deploy.0 = Release|Any CPU
		{9B6F01FE-DFBE-4F9B-98F8-66C4F32082F9}.Release|iPhone.ActiveCfg = Release|Any CPU
		{9B6F01FE-DFBE-4F9B-98F8-66C4F32082F9}.Release|iPhone.Build.0 = Release|Any CPU
		{9B6F01FE-DFBE-4F9B-98F8-66C4F32082F9}.Release|iPhone.Deploy.0 = Release|Any CPU
		{9B6F01FE-DFBE-4F9B-98F8-66C4F32082F9}.Release|iPhoneSimulator.ActiveCfg = Release|Any CPU
		{9B6F01FE-DFBE-4F9B-98F8-66C4F32082F9}.Release|iPhoneSimulator.Build.0 = Release|Any CPU
		{9B6F01FE-DFBE-4F9B-98F8-66C4F32082F9}.Release|iPhoneSimulator.Deploy.0 = Release|Any CPU
		{A327DDAB-6B79-426F-B20D-7D94E85DD352}.Debug|Any CPU.ActiveCfg = Debug|iPhoneSimulator
		{A327DDAB-6B79-426F-B20D-7D94E85DD352}.Debug|Any CPU.Build.0 = Debug|iPhoneSimulator
		{A327DDAB-6B79-426F-B20D-7D94E85DD352}.Debug|Any CPU.Deploy.0 = Debug|iPhoneSimulator
		{A327DDAB-6B79-426F-B20D-7D94E85DD352}.Debug|iPhone.ActiveCfg = Debug|iPhone
		{A327DDAB-6B79-426F-B20D-7D94E85DD352}.Debug|iPhone.Build.0 = Debug|iPhone
		{A327DDAB-6B79-426F-B20D-7D94E85DD352}.Debug|iPhone.Deploy.0 = Debug|iPhone
		{A327DDAB-6B79-426F-B20D-7D94E85DD352}.Debug|iPhoneSimulator.ActiveCfg = Debug|iPhoneSimulator
		{A327DDAB-6B79-426F-B20D-7D94E85DD352}.Debug|iPhoneSimulator.Build.0 = Debug|iPhoneSimulator
		{A327DDAB-6B79-426F-B20D-7D94E85DD352}.Debug|iPhoneSimulator.Deploy.0 = Debug|iPhoneSimulator
		{A327DDAB-6B79-426F-B20D-7D94E85DD352}.Release|Any CPU.ActiveCfg = Release|iPhone
		{A327DDAB-6B79-426F-B20D-7D94E85DD352}.Release|Any CPU.Build.0 = Release|iPhone
		{A327DDAB-6B79-426F-B20D-7D94E85DD352}.Release|Any CPU.Deploy.0 = Release|iPhone
		{A327DDAB-6B79-426F-B20D-7D94E85DD352}.Release|iPhone.ActiveCfg = Release|iPhone
		{A327DDAB-6B79-426F-B20D-7D94E85DD352}.Release|iPhone.Build.0 = Release|iPhone
		{A327DDAB-6B79-426F-B20D-7D94E85DD352}.Release|iPhone.Deploy.0 = Release|iPhone
		{A327DDAB-6B79-426F-B20D-7D94E85DD352}.Release|iPhoneSimulator.ActiveCfg = Release|iPhoneSimulator
		{A327DDAB-6B79-426F-B20D-7D94E85DD352}.Release|iPhoneSimulator.Build.0 = Release|iPhoneSimulator
		{A327DDAB-6B79-426F-B20D-7D94E85DD352}.Release|iPhoneSimulator.Deploy.0 = Release|iPhoneSimulator
		{AD72DAC5-5769-497C-B1BA-97B186808163}.Debug|Any CPU.ActiveCfg = Debug|Any CPU
		{AD72DAC5-5769-497C-B1BA-97B186808163}.Debug|Any CPU.Build.0 = Debug|Any CPU
		{AD72DAC5-5769-497C-B1BA-97B186808163}.Debug|Any CPU.Deploy.0 = Debug|Any CPU
		{AD72DAC5-5769-497C-B1BA-97B186808163}.Debug|iPhone.ActiveCfg = Debug|Any CPU
		{AD72DAC5-5769-497C-B1BA-97B186808163}.Debug|iPhone.Build.0 = Debug|Any CPU
		{AD72DAC5-5769-497C-B1BA-97B186808163}.Debug|iPhone.Deploy.0 = Debug|Any CPU
		{AD72DAC5-5769-497C-B1BA-97B186808163}.Debug|iPhoneSimulator.ActiveCfg = Debug|Any CPU
		{AD72DAC5-5769-497C-B1BA-97B186808163}.Debug|iPhoneSimulator.Build.0 = Debug|Any CPU
		{AD72DAC5-5769-497C-B1BA-97B186808163}.Debug|iPhoneSimulator.Deploy.0 = Debug|Any CPU
		{AD72DAC5-5769-497C-B1BA-97B186808163}.Release|Any CPU.ActiveCfg = Release|Any CPU
		{AD72DAC5-5769-497C-B1BA-97B186808163}.Release|Any CPU.Build.0 = Release|Any CPU
		{AD72DAC5-5769-497C-B1BA-97B186808163}.Release|Any CPU.Deploy.0 = Release|Any CPU
		{AD72DAC5-5769-497C-B1BA-97B186808163}.Release|iPhone.ActiveCfg = Release|Any CPU
		{AD72DAC5-5769-497C-B1BA-97B186808163}.Release|iPhone.Build.0 = Release|Any CPU
		{AD72DAC5-5769-497C-B1BA-97B186808163}.Release|iPhone.Deploy.0 = Release|Any CPU
		{AD72DAC5-5769-497C-B1BA-97B186808163}.Release|iPhoneSimulator.ActiveCfg = Release|Any CPU
		{AD72DAC5-5769-497C-B1BA-97B186808163}.Release|iPhoneSimulator.Build.0 = Release|Any CPU
		{AD72DAC5-5769-497C-B1BA-97B186808163}.Release|iPhoneSimulator.Deploy.0 = Release|Any CPU
		{2FDB3678-A70E-4CD3-97CE-06CBE74F6790}.Debug|Any CPU.ActiveCfg = Debug|Any CPU
		{2FDB3678-A70E-4CD3-97CE-06CBE74F6790}.Debug|Any CPU.Build.0 = Debug|Any CPU
		{2FDB3678-A70E-4CD3-97CE-06CBE74F6790}.Debug|iPhone.ActiveCfg = Debug|Any CPU
		{2FDB3678-A70E-4CD3-97CE-06CBE74F6790}.Debug|iPhone.Build.0 = Debug|Any CPU
		{2FDB3678-A70E-4CD3-97CE-06CBE74F6790}.Debug|iPhoneSimulator.ActiveCfg = Debug|Any CPU
		{2FDB3678-A70E-4CD3-97CE-06CBE74F6790}.Debug|iPhoneSimulator.Build.0 = Debug|Any CPU
		{2FDB3678-A70E-4CD3-97CE-06CBE74F6790}.Release|Any CPU.ActiveCfg = Release|Any CPU
		{2FDB3678-A70E-4CD3-97CE-06CBE74F6790}.Release|Any CPU.Build.0 = Release|Any CPU
		{2FDB3678-A70E-4CD3-97CE-06CBE74F6790}.Release|iPhone.ActiveCfg = Release|Any CPU
		{2FDB3678-A70E-4CD3-97CE-06CBE74F6790}.Release|iPhone.Build.0 = Release|Any CPU
		{2FDB3678-A70E-4CD3-97CE-06CBE74F6790}.Release|iPhoneSimulator.ActiveCfg = Release|Any CPU
		{2FDB3678-A70E-4CD3-97CE-06CBE74F6790}.Release|iPhoneSimulator.Build.0 = Release|Any CPU
		{2CBE5AC4-15C5-4864-B392-42CDA9559F7F}.Debug|Any CPU.ActiveCfg = Debug|Any CPU
		{2CBE5AC4-15C5-4864-B392-42CDA9559F7F}.Debug|Any CPU.Build.0 = Debug|Any CPU
		{2CBE5AC4-15C5-4864-B392-42CDA9559F7F}.Debug|iPhone.ActiveCfg = Debug|Any CPU
		{2CBE5AC4-15C5-4864-B392-42CDA9559F7F}.Debug|iPhone.Build.0 = Debug|Any CPU
		{2CBE5AC4-15C5-4864-B392-42CDA9559F7F}.Debug|iPhoneSimulator.ActiveCfg = Debug|Any CPU
		{2CBE5AC4-15C5-4864-B392-42CDA9559F7F}.Debug|iPhoneSimulator.Build.0 = Debug|Any CPU
		{2CBE5AC4-15C5-4864-B392-42CDA9559F7F}.Release|Any CPU.ActiveCfg = Release|Any CPU
		{2CBE5AC4-15C5-4864-B392-42CDA9559F7F}.Release|Any CPU.Build.0 = Release|Any CPU
		{2CBE5AC4-15C5-4864-B392-42CDA9559F7F}.Release|iPhone.ActiveCfg = Release|Any CPU
		{2CBE5AC4-15C5-4864-B392-42CDA9559F7F}.Release|iPhone.Build.0 = Release|Any CPU
		{2CBE5AC4-15C5-4864-B392-42CDA9559F7F}.Release|iPhoneSimulator.ActiveCfg = Release|Any CPU
		{2CBE5AC4-15C5-4864-B392-42CDA9559F7F}.Release|iPhoneSimulator.Build.0 = Release|Any CPU
		{38E5CDD9-51DF-4CD8-8566-3A6FFA6B3AC1}.Debug|Any CPU.ActiveCfg = Debug|Any CPU
		{38E5CDD9-51DF-4CD8-8566-3A6FFA6B3AC1}.Debug|Any CPU.Build.0 = Debug|Any CPU
		{38E5CDD9-51DF-4CD8-8566-3A6FFA6B3AC1}.Debug|iPhone.ActiveCfg = Debug|Any CPU
		{38E5CDD9-51DF-4CD8-8566-3A6FFA6B3AC1}.Debug|iPhone.Build.0 = Debug|Any CPU
		{38E5CDD9-51DF-4CD8-8566-3A6FFA6B3AC1}.Debug|iPhoneSimulator.ActiveCfg = Debug|Any CPU
		{38E5CDD9-51DF-4CD8-8566-3A6FFA6B3AC1}.Debug|iPhoneSimulator.Build.0 = Debug|Any CPU
		{38E5CDD9-51DF-4CD8-8566-3A6FFA6B3AC1}.Release|Any CPU.ActiveCfg = Release|Any CPU
		{38E5CDD9-51DF-4CD8-8566-3A6FFA6B3AC1}.Release|Any CPU.Build.0 = Release|Any CPU
		{38E5CDD9-51DF-4CD8-8566-3A6FFA6B3AC1}.Release|iPhone.ActiveCfg = Release|Any CPU
		{38E5CDD9-51DF-4CD8-8566-3A6FFA6B3AC1}.Release|iPhone.Build.0 = Release|Any CPU
		{38E5CDD9-51DF-4CD8-8566-3A6FFA6B3AC1}.Release|iPhoneSimulator.ActiveCfg = Release|Any CPU
		{38E5CDD9-51DF-4CD8-8566-3A6FFA6B3AC1}.Release|iPhoneSimulator.Build.0 = Release|Any CPU
		{104FD77B-89CC-4F35-9D04-46E3508C8E9A}.Debug|Any CPU.ActiveCfg = Debug|Any CPU
		{104FD77B-89CC-4F35-9D04-46E3508C8E9A}.Debug|Any CPU.Build.0 = Debug|Any CPU
		{104FD77B-89CC-4F35-9D04-46E3508C8E9A}.Debug|Any CPU.Deploy.0 = Debug|Any CPU
		{104FD77B-89CC-4F35-9D04-46E3508C8E9A}.Debug|iPhone.ActiveCfg = Debug|Any CPU
		{104FD77B-89CC-4F35-9D04-46E3508C8E9A}.Debug|iPhone.Build.0 = Debug|Any CPU
		{104FD77B-89CC-4F35-9D04-46E3508C8E9A}.Debug|iPhone.Deploy.0 = Debug|Any CPU
		{104FD77B-89CC-4F35-9D04-46E3508C8E9A}.Debug|iPhoneSimulator.ActiveCfg = Debug|Any CPU
		{104FD77B-89CC-4F35-9D04-46E3508C8E9A}.Debug|iPhoneSimulator.Build.0 = Debug|Any CPU
		{104FD77B-89CC-4F35-9D04-46E3508C8E9A}.Debug|iPhoneSimulator.Deploy.0 = Debug|Any CPU
		{104FD77B-89CC-4F35-9D04-46E3508C8E9A}.Release|Any CPU.ActiveCfg = Release|Any CPU
		{104FD77B-89CC-4F35-9D04-46E3508C8E9A}.Release|Any CPU.Build.0 = Release|Any CPU
		{104FD77B-89CC-4F35-9D04-46E3508C8E9A}.Release|Any CPU.Deploy.0 = Release|Any CPU
		{104FD77B-89CC-4F35-9D04-46E3508C8E9A}.Release|iPhone.ActiveCfg = Release|Any CPU
		{104FD77B-89CC-4F35-9D04-46E3508C8E9A}.Release|iPhone.Build.0 = Release|Any CPU
		{104FD77B-89CC-4F35-9D04-46E3508C8E9A}.Release|iPhone.Deploy.0 = Release|Any CPU
		{104FD77B-89CC-4F35-9D04-46E3508C8E9A}.Release|iPhoneSimulator.ActiveCfg = Release|Any CPU
		{104FD77B-89CC-4F35-9D04-46E3508C8E9A}.Release|iPhoneSimulator.Build.0 = Release|Any CPU
		{104FD77B-89CC-4F35-9D04-46E3508C8E9A}.Release|iPhoneSimulator.Deploy.0 = Release|Any CPU
		{E76988F6-70DE-4382-B16F-AB1ECBD33E41}.Debug|Any CPU.ActiveCfg = Debug|iPhone
		{E76988F6-70DE-4382-B16F-AB1ECBD33E41}.Debug|iPhone.ActiveCfg = Debug|iPhone
		{E76988F6-70DE-4382-B16F-AB1ECBD33E41}.Debug|iPhone.Build.0 = Debug|iPhone
		{E76988F6-70DE-4382-B16F-AB1ECBD33E41}.Debug|iPhoneSimulator.ActiveCfg = Debug|iPhoneSimulator
		{E76988F6-70DE-4382-B16F-AB1ECBD33E41}.Debug|iPhoneSimulator.Build.0 = Debug|iPhoneSimulator
		{E76988F6-70DE-4382-B16F-AB1ECBD33E41}.Release|Any CPU.ActiveCfg = Release|iPhone
		{E76988F6-70DE-4382-B16F-AB1ECBD33E41}.Release|iPhone.ActiveCfg = Release|iPhone
		{E76988F6-70DE-4382-B16F-AB1ECBD33E41}.Release|iPhone.Build.0 = Release|iPhone
		{E76988F6-70DE-4382-B16F-AB1ECBD33E41}.Release|iPhoneSimulator.ActiveCfg = Release|iPhoneSimulator
		{E76988F6-70DE-4382-B16F-AB1ECBD33E41}.Release|iPhoneSimulator.Build.0 = Release|iPhoneSimulator
		{CF661313-09E1-4D4C-A00D-63C13FC65A80}.Debug|Any CPU.ActiveCfg = Debug|Any CPU
		{CF661313-09E1-4D4C-A00D-63C13FC65A80}.Debug|Any CPU.Build.0 = Debug|Any CPU
		{CF661313-09E1-4D4C-A00D-63C13FC65A80}.Debug|iPhone.ActiveCfg = Debug|Any CPU
		{CF661313-09E1-4D4C-A00D-63C13FC65A80}.Debug|iPhone.Build.0 = Debug|Any CPU
		{CF661313-09E1-4D4C-A00D-63C13FC65A80}.Debug|iPhoneSimulator.ActiveCfg = Debug|Any CPU
		{CF661313-09E1-4D4C-A00D-63C13FC65A80}.Debug|iPhoneSimulator.Build.0 = Debug|Any CPU
		{CF661313-09E1-4D4C-A00D-63C13FC65A80}.Release|Any CPU.ActiveCfg = Release|Any CPU
		{CF661313-09E1-4D4C-A00D-63C13FC65A80}.Release|Any CPU.Build.0 = Release|Any CPU
		{CF661313-09E1-4D4C-A00D-63C13FC65A80}.Release|iPhone.ActiveCfg = Release|Any CPU
		{CF661313-09E1-4D4C-A00D-63C13FC65A80}.Release|iPhone.Build.0 = Release|Any CPU
		{CF661313-09E1-4D4C-A00D-63C13FC65A80}.Release|iPhoneSimulator.ActiveCfg = Release|Any CPU
		{CF661313-09E1-4D4C-A00D-63C13FC65A80}.Release|iPhoneSimulator.Build.0 = Release|Any CPU
		{A638F0EF-9B20-4C3F-A30E-DA857F141C93}.Debug|Any CPU.ActiveCfg = Debug|Any CPU
		{A638F0EF-9B20-4C3F-A30E-DA857F141C93}.Debug|Any CPU.Build.0 = Debug|Any CPU
		{A638F0EF-9B20-4C3F-A30E-DA857F141C93}.Debug|iPhone.ActiveCfg = Debug|Any CPU
		{A638F0EF-9B20-4C3F-A30E-DA857F141C93}.Debug|iPhone.Build.0 = Debug|Any CPU
		{A638F0EF-9B20-4C3F-A30E-DA857F141C93}.Debug|iPhoneSimulator.ActiveCfg = Debug|Any CPU
		{A638F0EF-9B20-4C3F-A30E-DA857F141C93}.Debug|iPhoneSimulator.Build.0 = Debug|Any CPU
		{A638F0EF-9B20-4C3F-A30E-DA857F141C93}.Release|Any CPU.ActiveCfg = Release|Any CPU
		{A638F0EF-9B20-4C3F-A30E-DA857F141C93}.Release|Any CPU.Build.0 = Release|Any CPU
		{A638F0EF-9B20-4C3F-A30E-DA857F141C93}.Release|iPhone.ActiveCfg = Release|Any CPU
		{A638F0EF-9B20-4C3F-A30E-DA857F141C93}.Release|iPhone.Build.0 = Release|Any CPU
		{A638F0EF-9B20-4C3F-A30E-DA857F141C93}.Release|iPhoneSimulator.ActiveCfg = Release|Any CPU
		{A638F0EF-9B20-4C3F-A30E-DA857F141C93}.Release|iPhoneSimulator.Build.0 = Release|Any CPU
	EndGlobalSection
	GlobalSection(SolutionProperties) = preSolution
		HideSolutionNode = FALSE
	EndGlobalSection
	GlobalSection(ExtensibilityGlobals) = postSolution
		SolutionGuid = {EC309242-465D-407C-A3FB-253DBDCD5D85}
	EndGlobalSection
EndGlobal
